// !$*UTF8*$!
{
	archiveVersion = 1;
	classes = {
	};
	objectVersion = 48;
	objects = {

/* Begin PBXBuildFile section */
		056F97DC208DB64E008B5507 /* AppDelegate.swift in Sources */ = {isa = PBXBuildFile; fileRef = 056F97DB208DB64E008B5507 /* AppDelegate.swift */; };
		056F97DE208DB64E008B5507 /* ViewController.swift in Sources */ = {isa = PBXBuildFile; fileRef = 056F97DD208DB64E008B5507 /* ViewController.swift */; };
		056F97E1208DB64E008B5507 /* Main.storyboard in Resources */ = {isa = PBXBuildFile; fileRef = 056F97DF208DB64E008B5507 /* Main.storyboard */; };
		056F97E3208DB64E008B5507 /* Assets.xcassets in Resources */ = {isa = PBXBuildFile; fileRef = 056F97E2208DB64E008B5507 /* Assets.xcassets */; };
		056F97E6208DB64E008B5507 /* LaunchScreen.storyboard in Resources */ = {isa = PBXBuildFile; fileRef = 056F97E4208DB64E008B5507 /* LaunchScreen.storyboard */; };
/* End PBXBuildFile section */

/* Begin PBXFileReference section */
		056F97D8208DB64E008B5507 /* 01_HelloWorld_Alert.app */ = {isa = PBXFileReference; explicitFileType = wrapper.application; includeInIndex = 0; path = 01_HelloWorld_Alert.app; sourceTree = BUILT_PRODUCTS_DIR; };
		056F97DB208DB64E008B5507 /* AppDelegate.swift */ = {isa = PBXFileReference; lastKnownFileType = sourcecode.swift; path = AppDelegate.swift; sourceTree = "<group>"; };
		056F97DD208DB64E008B5507 /* ViewController.swift */ = {isa = PBXFileReference; lastKnownFileType = sourcecode.swift; path = ViewController.swift; sourceTree = "<group>"; };
		056F97E0208DB64E008B5507 /* Base */ = {isa = PBXFileReference; lastKnownFileType = file.storyboard; name = Base; path = Base.lproj/Main.storyboard; sourceTree = "<group>"; };
		056F97E2208DB64E008B5507 /* Assets.xcassets */ = {isa = PBXFileReference; lastKnownFileType = folder.assetcatalog; path = Assets.xcassets; sourceTree = "<group>"; };
		056F97E5208DB64E008B5507 /* Base */ = {isa = PBXFileReference; lastKnownFileType = file.storyboard; name = Base; path = Base.lproj/LaunchScreen.storyboard; sourceTree = "<group>"; };
		056F97E7208DB64E008B5507 /* Info.plist */ = {isa = PBXFileReference; lastKnownFileType = text.plist.xml; path = Info.plist; sourceTree = "<group>"; };
/* End PBXFileReference section */

/* Begin PBXFrameworksBuildPhase section */
		056F97D5208DB64E008B5507 /* Frameworks */ = {
			isa = PBXFrameworksBuildPhase;
			buildActionMask = 2147483647;
			files = (
			);
			runOnlyForDeploymentPostprocessing = 0;
		};
/* End PBXFrameworksBuildPhase section */

/* Begin PBXGroup section */
		056F97CF208DB64E008B5507 = {
			isa = PBXGroup;
			children = (
				056F97DA208DB64E008B5507 /* 01_HelloWorld_Alert */,
				056F97D9208DB64E008B5507 /* Products */,
			);
			sourceTree = "<group>";
		};
		056F97D9208DB64E008B5507 /* Products */ = {
			isa = PBXGroup;
			children = (
				056F97D8208DB64E008B5507 /* 01_HelloWorld_Alert.app */,
			);
			name = Products;
			sourceTree = "<group>";
		};
		056F97DA208DB64E008B5507 /* 01_HelloWorld_Alert */ = {
			isa = PBXGroup;
			children = (
				056F97DB208DB64E008B5507 /* AppDelegate.swift */,
				056F97DD208DB64E008B5507 /* ViewController.swift */,
				056F97DF208DB64E008B5507 /* Main.storyboard */,
				056F97E2208DB64E008B5507 /* Assets.xcassets */,
				056F97E4208DB64E008B5507 /* LaunchScreen.storyboard */,
				056F97E7208DB64E008B5507 /* Info.plist */,
			);
			path = 01_HelloWorld_Alert;
			sourceTree = "<group>";
		};
/* End PBXGroup section */

/* Begin PBXNativeTarget section */
		056F97D7208DB64E008B5507 /* 01_HelloWorld_Alert */ = {
			isa = PBXNativeTarget;
			buildConfigurationList = 056F97EA208DB64E008B5507 /* Build configuration list for PBXNativeTarget "01_HelloWorld_Alert" */;
			buildPhases = (
				056F97D4208DB64E008B5507 /* Sources */,
				056F97D5208DB64E008B5507 /* Frameworks */,
				056F97D6208DB64E008B5507 /* Resources */,
			);
			buildRules = (
			);
			dependencies = (
			);
			name = 01_HelloWorld_Alert;
			productName = 01_HelloWorld_Alert;
			productReference = 056F97D8208DB64E008B5507 /* 01_HelloWorld_Alert.app */;
			productType = "com.apple.product-type.application";
		};
/* End PBXNativeTarget section */

/* Begin PBXProject section */
		056F97D0208DB64E008B5507 /* Project object */ = {
			isa = PBXProject;
			attributes = {
				LastSwiftUpdateCheck = 0920;
				LastUpgradeCheck = 1010;
				ORGANIZATIONNAME = "김종현";
				TargetAttributes = {
					056F97D7208DB64E008B5507 = {
						CreatedOnToolsVersion = 9.2;
						LastSwiftMigration = 1010;
						ProvisioningStyle = Automatic;
					};
				};
			};
			buildConfigurationList = 056F97D3208DB64E008B5507 /* Build configuration list for PBXProject "01_HelloWorld_Alert" */;
			compatibilityVersion = "Xcode 8.0";
			developmentRegion = en;
			hasScannedForEncodings = 0;
			knownRegions = (
				en,
				Base,
			);
			mainGroup = 056F97CF208DB64E008B5507;
			productRefGroup = 056F97D9208DB64E008B5507 /* Products */;
			projectDirPath = "";
			projectRoot = "";
			targets = (
				056F97D7208DB64E008B5507 /* 01_HelloWorld_Alert */,
			);
		};
/* End PBXProject section */

/* Begin PBXResourcesBuildPhase section */
		056F97D6208DB64E008B5507 /* Resources */ = {
			isa = PBXResourcesBuildPhase;
			buildActionMask = 2147483647;
			files = (
				056F97E6208DB64E008B5507 /* LaunchScreen.storyboard in Resources */,
				056F97E3208DB64E008B5507 /* Assets.xcassets in Resources */,
				056F97E1208DB64E008B5507 /* Main.storyboard in Resources */,
			);
			runOnlyForDeploymentPostprocessing = 0;
		};
/* End PBXResourcesBuildPhase section */

/* Begin PBXSourcesBuildPhase section */
		056F97D4208DB64E008B5507 /* Sources */ = {
			isa = PBXSourcesBuildPhase;
			buildActionMask = 2147483647;
			files = (
				056F97DE208DB64E008B5507 /* ViewController.swift in Sources */,
				056F97DC208DB64E008B5507 /* AppDelegate.swift in Sources */,
			);
			runOnlyForDeploymentPostprocessing = 0;
		};
/* End PBXSourcesBuildPhase section */

/* Begin PBXVariantGroup section */
		056F97DF208DB64E008B5507 /* Main.storyboard */ = {
			isa = PBXVariantGroup;
			children = (
				056F97E0208DB64E008B5507 /* Base */,
			);
			name = Main.storyboard;
			sourceTree = "<group>";
		};
		056F97E4208DB64E008B5507 /* LaunchScreen.storyboard */ = {
			isa = PBXVariantGroup;
			children = (
				056F97E5208DB64E008B5507 /* Base */,
			);
			name = LaunchScreen.storyboard;
			sourceTree = "<group>";
		};
/* End PBXVariantGroup section */

/* Begin XCBuildConfiguration section */
		056F97E8208DB64E008B5507 /* Debug */ = {
			isa = XCBuildConfiguration;
			buildSettings = {
				ALWAYS_SEARCH_USER_PATHS = NO;
				CLANG_ANALYZER_NONNULL = YES;
				CLANG_ANALYZER_NUMBER_OBJECT_CONVERSION = YES_AGGRESSIVE;
				CLANG_CXX_LANGUAGE_STANDARD = "gnu++14";
				CLANG_CXX_LIBRARY = "libc++";
				CLANG_ENABLE_MODULES = YES;
				CLANG_ENABLE_OBJC_ARC = YES;
				CLANG_WARN_BLOCK_CAPTURE_AUTORELEASING = YES;
				CLANG_WARN_BOOL_CONVERSION = YES;
				CLANG_WARN_COMMA = YES;
				CLANG_WARN_CONSTANT_CONVERSION = YES;
				CLANG_WARN_DEPRECATED_OBJC_IMPLEMENTATIONS = YES;
				CLANG_WARN_DIRECT_OBJC_ISA_USAGE = YES_ERROR;
				CLANG_WARN_DOCUMENTATION_COMMENTS = YES;
				CLANG_WARN_EMPTY_BODY = YES;
				CLANG_WARN_ENUM_CONVERSION = YES;
				CLANG_WARN_INFINITE_RECURSION = YES;
				CLANG_WARN_INT_CONVERSION = YES;
				CLANG_WARN_NON_LITERAL_NULL_CONVERSION = YES;
				CLANG_WARN_OBJC_IMPLICIT_RETAIN_SELF = YES;
				CLANG_WARN_OBJC_LITERAL_CONVERSION = YES;
				CLANG_WARN_OBJC_ROOT_CLASS = YES_ERROR;
				CLANG_WARN_RANGE_LOOP_ANALYSIS = YES;
				CLANG_WARN_STRICT_PROTOTYPES = YES;
				CLANG_WARN_SUSPICIOUS_MOVE = YES;
				CLANG_WARN_UNGUARDED_AVAILABILITY = YES_AGGRESSIVE;
				CLANG_WARN_UNREACHABLE_CODE = YES;
				CLANG_WARN__DUPLICATE_METHOD_MATCH = YES;
				CODE_SIGN_IDENTITY = "iPhone Developer";
				COPY_PHASE_STRIP = NO;
				DEBUG_INFORMATION_FORMAT = dwarf;
				ENABLE_STRICT_OBJC_MSGSEND = YES;
				ENABLE_TESTABILITY = YES;
				GCC_C_LANGUAGE_STANDARD = gnu11;
				GCC_DYNAMIC_NO_PIC = NO;
				GCC_NO_COMMON_BLOCKS = YES;
				GCC_OPTIMIZATION_LEVEL = 0;
				GCC_PREPROCESSOR_DEFINITIONS = (
					"DEBUG=1",
					"$(inherited)",
				);
				GCC_WARN_64_TO_32_BIT_CONVERSION = YES;
				GCC_WARN_ABOUT_RETURN_TYPE = YES_ERROR;
				GCC_WARN_UNDECLARED_SELECTOR = YES;
				GCC_WARN_UNINITIALIZED_AUTOS = YES_AGGRESSIVE;
				GCC_WARN_UNUSED_FUNCTION = YES;
				GCC_WARN_UNUSED_VARIABLE = YES;
				IPHONEOS_DEPLOYMENT_TARGET = 11.2;
				MTL_ENABLE_DEBUG_INFO = YES;
				ONLY_ACTIVE_ARCH = YES;
				SDKROOT = iphoneos;
				SWIFT_ACTIVE_COMPILATION_CONDITIONS = DEBUG;
				SWIFT_OPTIMIZATION_LEVEL = "-Onone";
			};
			name = Debug;
		};
		056F97E9208DB64E008B5507 /* Release */ = {
			isa = XCBuildConfiguration;
			buildSettings = {
				ALWAYS_SEARCH_USER_PATHS = NO;
				CLANG_ANALYZER_NONNULL = YES;
				CLANG_ANALYZER_NUMBER_OBJECT_CONVERSION = YES_AGGRESSIVE;
				CLANG_CXX_LANGUAGE_STANDARD = "gnu++14";
				CLANG_CXX_LIBRARY = "libc++";
				CLANG_ENABLE_MODULES = YES;
				CLANG_ENABLE_OBJC_ARC = YES;
				CLANG_WARN_BLOCK_CAPTURE_AUTORELEASING = YES;
				CLANG_WARN_BOOL_CONVERSION = YES;
				CLANG_WARN_COMMA = YES;
				CLANG_WARN_CONSTANT_CONVERSION = YES;
				CLANG_WARN_DEPRECATED_OBJC_IMPLEMENTATIONS = YES;
				CLANG_WARN_DIRECT_OBJC_ISA_USAGE = YES_ERROR;
				CLANG_WARN_DOCUMENTATION_COMMENTS = YES;
				CLANG_WARN_EMPTY_BODY = YES;
				CLANG_WARN_ENUM_CONVERSION = YES;
				CLANG_WARN_INFINITE_RECURSION = YES;
				CLANG_WARN_INT_CONVERSION = YES;
				CLANG_WARN_NON_LITERAL_NULL_CONVERSION = YES;
				CLANG_WARN_OBJC_IMPLICIT_RETAIN_SELF = YES;
				CLANG_WARN_OBJC_LITERAL_CONVERSION = YES;
				CLANG_WARN_OBJC_ROOT_CLASS = YES_ERROR;
				CLANG_WARN_RANGE_LOOP_ANALYSIS = YES;
				CLANG_WARN_STRICT_PROTOTYPES = YES;
				CLANG_WARN_SUSPICIOUS_MOVE = YES;
				CLANG_WARN_UNGUARDED_AVAILABILITY = YES_AGGRESSIVE;
				CLANG_WARN_UNREACHABLE_CODE = YES;
				CLANG_WARN__DUPLICATE_METHOD_MATCH = YES;
				CODE_SIGN_IDENTITY = "iPhone Developer";
				COPY_PHASE_STRIP = NO;
				DEBUG_INFORMATION_FORMAT = "dwarf-with-dsym";
				ENABLE_NS_ASSERTIONS = NO;
				ENABLE_STRICT_OBJC_MSGSEND = YES;
				GCC_C_LANGUAGE_STANDARD = gnu11;
				GCC_NO_COMMON_BLOCKS = YES;
				GCC_WARN_64_TO_32_BIT_CONVERSION = YES;
				GCC_WARN_ABOUT_RETURN_TYPE = YES_ERROR;
				GCC_WARN_UNDECLARED_SELECTOR = YES;
				GCC_WARN_UNINITIALIZED_AUTOS = YES_AGGRESSIVE;
				GCC_WARN_UNUSED_FUNCTION = YES;
				GCC_WARN_UNUSED_VARIABLE = YES;
				IPHONEOS_DEPLOYMENT_TARGET = 11.2;
				MTL_ENABLE_DEBUG_INFO = NO;
				SDKROOT = iphoneos;
				SWIFT_OPTIMIZATION_LEVEL = "-Owholemodule";
				VALIDATE_PRODUCT = YES;
			};
			name = Release;
		};
		056F97EB208DB64E008B5507 /* Debug */ = {
			isa = XCBuildConfiguration;
			buildSettings = {
				ASSETCATALOG_COMPILER_APPICON_NAME = AppIcon;
				CODE_SIGN_STYLE = Automatic;
				DEVELOPMENT_TEAM = WBM58B7626;
				INFOPLIST_FILE = 01_HelloWorld_Alert/Info.plist;
				LD_RUNPATH_SEARCH_PATHS = "$(inherited) @executable_path/Frameworks";
				PRODUCT_BUNDLE_IDENTIFIER = "kr.ac.dit.-1-HelloWorld-Alert";
				PRODUCT_NAME = "$(TARGET_NAME)";
				SWIFT_VERSION = 4.2;
				TARGETED_DEVICE_FAMILY = "1,2";
			};
			name = Debug;
		};
		056F97EC208DB64E008B5507 /* Release */ = {
			isa = XCBuildConfiguration;
			buildSettings = {
				ASSETCATALOG_COMPILER_APPICON_NAME = AppIcon;
				CODE_SIGN_STYLE = Automatic;
				DEVELOPMENT_TEAM = WBM58B7626;
				INFOPLIST_FILE = 01_HelloWorld_Alert/Info.plist;
				LD_RUNPATH_SEARCH_PATHS = "$(inherited) @executable_path/Frameworks";
				PRODUCT_BUNDLE_IDENTIFIER = "kr.ac.dit.-1-HelloWorld-Alert";
				PRODUCT_NAME = "$(TARGET_NAME)";
				SWIFT_VERSION = 4.2;
				TARGETED_DEVICE_FAMILY = "1,2";
			};
			name = Release;
		};
/* End XCBuildConfiguration section */

/* Begin XCConfigurationList section */
		056F97D3208DB64E008B5507 /* Build configuration list for PBXProject "01_HelloWorld_Alert" */ = {
			isa = XCConfigurationList;
			buildConfigurations = (
				056F97E8208DB64E008B5507 /* Debug */,
				056F97E9208DB64E008B5507 /* Release */,
			);
			defaultConfigurationIsVisible = 0;
			defaultConfigurationName = Release;
		};
		056F97EA208DB64E008B5507 /* Build configuration list for PBXNativeTarget "01_HelloWorld_Alert" */ = {
			isa = XCConfigurationList;
			buildConfigurations = (
				056F97EB208DB64E008B5507 /* Debug */,
				056F97EC208DB64E008B5507 /* Release */,
			);
			defaultConfigurationIsVisible = 0;
			defaultConfigurationName = Release;
		};
/* End XCConfigurationList section */
	};
	rootObject = 056F97D0208DB64E008B5507 /* Project object */;
}
